{"schema":"eqiora.project-lock.v2","resolution":{"schema":"eqiora.package-resolution.v1","root":{"name":"org.example.HeatedBody","version":"1.0.0","semantic_digest":"6171e1006073187741525eeb40c2ee1bd205d1487cb40ab7e319d417d25b94e7"},"nodes":[{"identity":{"name":"org.example.HeatedBody","version":"1.0.0","semantic_digest":"6171e1006073187741525eeb40c2ee1bd205d1487cb40ab7e319d417d25b94e7"},"source_digest":"1979ee95cf9354a39d13b927a24ee9aa76a27aacb6afdcaaa09fb5c51d40033b"}],"edges":[]},"git":[],"requests":[]}