{"schema":"eqiora.project-lock.v2","resolution":{"schema":"eqiora.package-resolution.v1","root":{"name":"org.example.HeatedBody","version":"1.0.0","semantic_digest":"b692be61c7d60e220d30a3346881b6b8f45f7a262eef02c04dd5b57a92e70708"},"nodes":[{"identity":{"name":"org.example.HeatedBody","version":"1.0.0","semantic_digest":"b692be61c7d60e220d30a3346881b6b8f45f7a262eef02c04dd5b57a92e70708"},"source_digest":"ec618ea597ccf8298c3f67829bdf5d8995226d395fc51e9b1eb179809f4c01bb"}],"edges":[]},"git":[],"requests":[]}