{"schema":"eqiora.project-lock.v2","resolution":{"schema":"eqiora.package-resolution.v1","root":{"name":"org.example.Divider","version":"0.1.0","semantic_digest":"ac29a9b4d42768b68784a51c8344b0470855deb6153a1528e100948aec2e1484"},"nodes":[{"identity":{"name":"Eqiora.Electrical.Basic","version":"0.1.0","semantic_digest":"6d05b0a80de39ec323263b79d7727a88e52b90ed4495ae1079f81d928db64ec7"},"source_digest":"832ad161e2e44c3c12910ad2749fd54722b95a6f0c2067883c2617ae337c1c31"},{"identity":{"name":"org.example.Divider","version":"0.1.0","semantic_digest":"ac29a9b4d42768b68784a51c8344b0470855deb6153a1528e100948aec2e1484"},"source_digest":"e6e2f6ae2867b46f1398088e39e8576bf7eca2c00abafbd21c51e9fe1938bf56"}],"edges":[{"declaring":{"name":"org.example.Divider","version":"0.1.0","semantic_digest":"ac29a9b4d42768b68784a51c8344b0470855deb6153a1528e100948aec2e1484"},"target":{"name":"Eqiora.Electrical.Basic","version":"0.1.0","semantic_digest":"6d05b0a80de39ec323263b79d7727a88e52b90ed4495ae1079f81d928db64ec7"}}]},"git":[],"requests":[{"declaring":"org.example.Divider","declaring_version":"0.1.0","dependency":"Eqiora.Electrical.Basic","request":"0.1.0","selected":"0.1.0"}]}